
Microsoft Visual Studio Solution File, Format Version 12.00
# Visual Studio Version 17
VisualStudioVersion = 17.1.32228.430
MinimumVisualStudioVersion = 10.0.40219.1
Project("{FAE04EC0-301F-11D3-BF4B-00C04F79EFBC}") = "AdderBindingApp", "AdderBindingApp\AdderBindingApp.csproj", "{9CAB497B-B791-4D34-A269-D0C9910EA318}"
EndProject
Project("{FAE04EC0-301F-11D3-BF4B-00C04F79EFBC}") = "AdderBinding", "AdderBinding\AdderBinding.csproj", "{9D482C6F-4DE2-4161-9036-2BC41D0E71F9}"
EndProject
Global
	GlobalSection(SolutionConfigurationPlatforms) = preSolution
		Debug|Any CPU = Debug|Any CPU
		Release|Any CPU = Release|Any CPU
	EndGlobalSection
	GlobalSection(ProjectConfigurationPlatforms) = postSolution
		{9CAB497B-B791-4D34-A269-D0C9910EA318}.Debug|Any CPU.ActiveCfg = Debug|Any CPU
		{9CAB497B-B791-4D34-A269-D0C9910EA318}.Debug|Any CPU.Build.0 = Debug|Any CPU
		{9CAB497B-B791-4D34-A269-D0C9910EA318}.Debug|Any CPU.Deploy.0 = Debug|Any CPU
		{9CAB497B-B791-4D34-A269-D0C9910EA318}.Release|Any CPU.ActiveCfg = Release|Any CPU
		{9CAB497B-B791-4D34-A269-D0C9910EA318}.Release|Any CPU.Build.0 = Release|Any CPU
		{9CAB497B-B791-4D34-A269-D0C9910EA318}.Release|Any CPU.Deploy.0 = Release|Any CPU
		{9D482C6F-4DE2-4161-9036-2BC41D0E71F9}.Debug|Any CPU.ActiveCfg = Debug|Any CPU
		{9D482C6F-4DE2-4161-9036-2BC41D0E71F9}.Debug|Any CPU.Build.0 = Debug|Any CPU
		{9D482C6F-4DE2-4161-9036-2BC41D0E71F9}.Release|Any CPU.ActiveCfg = Release|Any CPU
		{9D482C6F-4DE2-4161-9036-2BC41D0E71F9}.Release|Any CPU.Build.0 = Release|Any CPU
	EndGlobalSection
	GlobalSection(SolutionProperties) = preSolution
		HideSolutionNode = FALSE
	EndGlobalSection
	GlobalSection(ExtensibilityGlobals) = postSolution
		SolutionGuid = {8B4A9A7E-DF49-449F-A912-BC5299AAFBAD}
	EndGlobalSection
EndGlobal
